{
  "nodes": {
    "keystone-src": {
      "flake": false,
      "locked": {
        "lastModified": 1741628551,
        "narHash": "sha256-5rfuFPikKNErPR6sfE3cmIbUHTSbxhml+osxps/00fE=",
        "owner": "keystone-enclave",
        "repo": "keystone",
        "rev": "88c49ee99e745980eea623bddacb40f7303107bd",
        "type": "github"
      },
      "original": {
        "owner": "keystone-enclave",
        "repo": "keystone",
        "type": "github"
      }
    },
    "nixpkgs": {
      "locked": {
        "lastModified": 1749285348,
        "narHash": "sha256-frdhQvPbmDYaScPFiCnfdh3B/Vh81Uuoo0w5TkWmmjU=",
        "owner": "nixos",
        "repo": "nixpkgs",
        "rev": "3e3afe5174c561dee0df6f2c2b2236990146329f",
        "type": "github"
      },
      "original": {
        "owner": "nixos",
        "ref": "nixos-unstable",
        "repo": "nixpkgs",
        "type": "github"
      }
    },
    "root": {
      "inputs": {
        "keystone-src": "keystone-src",
        "nixpkgs": "nixpkgs"
      }
    }
  },
  "root": "root",
  "version": 7
}
