{
  "nodes": {
    "keystone-src": {
      "flake": false,
      "locked": {
        "lastModified": 1741628551,
        "narHash": "sha256-5rfuFPikKNErPR6sfE3cmIbUHTSbxhml+osxps/00fE=",
        "owner": "keystone-enclave",
        "repo": "keystone",
        "rev": "88c49ee99e745980eea623bddacb40f7303107bd",
        "type": "github"
      },
      "original": {
        "owner": "keystone-enclave",
        "repo": "keystone",
        "type": "github"
      }
    },
    "nixpkgs": {
      "locked": {
        "lastModified": 1746904237,
        "narHash": "sha256-3e+AVBczosP5dCLQmMoMEogM57gmZ2qrVSrmq9aResQ=",
        "owner": "nixos",
        "repo": "nixpkgs",
        "rev": "d89fc19e405cb2d55ce7cc114356846a0ee5e956",
        "type": "github"
      },
      "original": {
        "owner": "nixos",
        "ref": "nixos-unstable",
        "repo": "nixpkgs",
        "type": "github"
      }
    },
    "root": {
      "inputs": {
        "keystone-src": "keystone-src",
        "nixpkgs": "nixpkgs"
      }
    }
  },
  "root": "root",
  "version": 7
}
