{
  "nodes": {
    "keystone-src": {
      "flake": false,
      "locked": {
        "lastModified": 1741628551,
        "narHash": "sha256-5rfuFPikKNErPR6sfE3cmIbUHTSbxhml+osxps/00fE=",
        "owner": "keystone-enclave",
        "repo": "keystone",
        "rev": "88c49ee99e745980eea623bddacb40f7303107bd",
        "type": "github"
      },
      "original": {
        "owner": "keystone-enclave",
        "repo": "keystone",
        "type": "github"
      }
    },
    "nixpkgs": {
      "locked": {
        "lastModified": 1757745802,
        "narHash": "sha256-hLEO2TPj55KcUFUU1vgtHE9UEIOjRcH/4QbmfHNF820=",
        "owner": "nixos",
        "repo": "nixpkgs",
        "rev": "c23193b943c6c689d70ee98ce3128239ed9e32d1",
        "type": "github"
      },
      "original": {
        "owner": "nixos",
        "ref": "nixos-unstable",
        "repo": "nixpkgs",
        "type": "github"
      }
    },
    "root": {
      "inputs": {
        "keystone-src": "keystone-src",
        "nixpkgs": "nixpkgs"
      }
    }
  },
  "root": "root",
  "version": 7
}
